
Microsoft Visual Studio Solution File, Format Version 12.00
# Visual Studio Version 17
VisualStudioVersion = 17.7.34031.279
MinimumVisualStudioVersion = 10.0.40219.1
Project("{FAE04EC0-301F-11D3-BF4B-00C04F79EFBC}") = "Lecture 2 part 2", "Lecture 2 part 2\Lecture 2 part 2.csproj", "{42A1CAE7-CAD2-4619-8DD8-61BE0736FAD6}"
EndProject
Global
	GlobalSection(SolutionConfigurationPlatforms) = preSolution
		Debug|Any CPU = Debug|Any CPU
		Release|Any CPU = Release|Any CPU
	EndGlobalSection
	GlobalSection(ProjectConfigurationPlatforms) = postSolution
		{42A1CAE7-CAD2-4619-8DD8-61BE0736FAD6}.Debug|Any CPU.ActiveCfg = Debug|Any CPU
		{42A1CAE7-CAD2-4619-8DD8-61BE0736FAD6}.Debug|Any CPU.Build.0 = Debug|Any CPU
		{42A1CAE7-CAD2-4619-8DD8-61BE0736FAD6}.Release|Any CPU.ActiveCfg = Release|Any CPU
		{42A1CAE7-CAD2-4619-8DD8-61BE0736FAD6}.Release|Any CPU.Build.0 = Release|Any CPU
	EndGlobalSection
	GlobalSection(SolutionProperties) = preSolution
		HideSolutionNode = FALSE
	EndGlobalSection
	GlobalSection(ExtensibilityGlobals) = postSolution
		SolutionGuid = {466C151B-53FB-4F99-A564-D646F7D2D72B}
	EndGlobalSection
EndGlobal
